version = 1
revision = 3
requires-python = ">=3.13"

[[package]]
name = "kicad-symbol-templater"
version = "0.1.0"
source = { virtual = "." }
dependencies = [
    { name = "kiutils" },
]

[package.metadata]
requires-dist = [{ name = "kiutils", git = "https://github.com/makerhub/kiutils?branch=samkristoff%2Fdev" }]

[[package]]
name = "kiutils"
version = "1.4.8"
source = { git = "https://github.com/makerhub/kiutils?branch=samkristoff%2Fdev#b844b926968579e9ca274dc4e186456a3af340c1" }
